{
  "name": "@jsrsc/mgchecker",
  "version": "0.6.1",
  "lockfileVersion": 2,
  "requires": true,
  "packages": {
    "": {
      "name": "@jsrsc/mgchecker",
      "version": "0.6.1",
      "cpu": [
        "x64",
        "arm64"
      ],
      "license": "ISC",
      "os": [
        "linux",
        "darwin"
      ],
      "devDependencies": {
        "husky": "^7.0.4"
      },
      "optionalDependencies": {
        "@jsrsc/mgchecker-darwin-arm64": "^0.1.0",
        "@jsrsc/mgchecker-darwin-x64": "^0.1.0",
        "@jsrsc/mgchecker-linux-arm64": "^0.1.0",
        "@jsrsc/mgchecker-linux-x64": "^0.1.0"
      }
    },
    "node_modules/@jsrsc/mgchecker-darwin-arm64": {
      "version": "0.1.0",
      "resolved": "https://registry.npmjs.org/@jsrsc/mgchecker-darwin-arm64/-/mgchecker-darwin-arm64-0.1.0.tgz",
      "integrity": "sha512-lr1WBlWrb8eFLQiB3wOxlW106xgu8Mvebe6hFtj3tR50zb4ISAw6SGA8UsvcSS9XS6wv3SmMTR9gLeSE0qGVdg==",
      "cpu": [
        "arm64"
      ],
      "optional": true,
      "os": [
        "darwin"
      ]
    },
    "node_modules/husky": {
      "version": "7.0.4",
      "resolved": "https://registry.npmmirror.com/husky/download/husky-7.0.4.tgz",
      "integrity": "sha1-JCBIJF3EnI+xvwzHz7mN1yJTFTU=",
      "dev": true,
      "license": "MIT",
      "bin": {
        "husky": "lib/bin.js"
      },
      "engines": {
        "node": ">=12"
      },
      "funding": {
        "url": "https://github.com/sponsors/typicode"
      }
    }
  },
  "dependencies": {
    "@jsrsc/mgchecker-darwin-arm64": {
      "version": "0.1.0",
      "resolved": "https://registry.npmjs.org/@jsrsc/mgchecker-darwin-arm64/-/mgchecker-darwin-arm64-0.1.0.tgz",
      "integrity": "sha512-lr1WBlWrb8eFLQiB3wOxlW106xgu8Mvebe6hFtj3tR50zb4ISAw6SGA8UsvcSS9XS6wv3SmMTR9gLeSE0qGVdg==",
      "optional": true
    },
    "husky": {
      "version": "7.0.4",
      "resolved": "https://registry.npmmirror.com/husky/download/husky-7.0.4.tgz",
      "integrity": "sha1-JCBIJF3EnI+xvwzHz7mN1yJTFTU=",
      "dev": true
    }
  }
}
