{
  "name": "mgc-checker",
  "version": "0.1.0",
  "lockfileVersion": 2,
  "requires": true,
  "packages": {
    "": {
      "name": "mgc-checker",
      "version": "0.1.0",
      "hasInstallScript": true,
      "license": "ISC",
      "dependencies": {
        "husky": "^7.0.4"
      },
      "devDependencies": {
        "cargo-cp-artifact": "^0.1"
      }
    },
    "node_modules/cargo-cp-artifact": {
      "version": "0.1.6",
      "resolved": "https://registry.npmmirror.com/cargo-cp-artifact/download/cargo-cp-artifact-0.1.6.tgz",
      "integrity": "sha512-CQw0doK/aaF7j041666XzuilHxqMxaKkn+I5vmBsd8SAwS0cO5CqVEVp0xJwOKstyqWZ6WK4Ww3O6p26x/Goyg==",
      "dev": true,
      "bin": {
        "cargo-cp-artifact": "bin/cargo-cp-artifact.js"
      }
    },
    "node_modules/husky": {
      "version": "7.0.4",
      "resolved": "https://registry.npmmirror.com/husky/download/husky-7.0.4.tgz",
      "integrity": "sha1-JCBIJF3EnI+xvwzHz7mN1yJTFTU=",
      "license": "MIT",
      "bin": {
        "husky": "lib/bin.js"
      },
      "engines": {
        "node": ">=12"
      },
      "funding": {
        "url": "https://github.com/sponsors/typicode"
      }
    }
  },
  "dependencies": {
    "cargo-cp-artifact": {
      "version": "0.1.6",
      "resolved": "https://registry.npmmirror.com/cargo-cp-artifact/download/cargo-cp-artifact-0.1.6.tgz",
      "integrity": "sha512-CQw0doK/aaF7j041666XzuilHxqMxaKkn+I5vmBsd8SAwS0cO5CqVEVp0xJwOKstyqWZ6WK4Ww3O6p26x/Goyg==",
      "dev": true
    },
    "husky": {
      "version": "7.0.4",
      "resolved": "https://registry.npmmirror.com/husky/download/husky-7.0.4.tgz",
      "integrity": "sha1-JCBIJF3EnI+xvwzHz7mN1yJTFTU="
    }
  }
}
